
Microsoft Visual Studio Solution File, Format Version 12.00
# Visual Studio Version 16
VisualStudioVersion = 16.0.31911.196
MinimumVisualStudioVersion = 10.0.40219.1
Project("{FAE04EC0-301F-11D3-BF4B-00C04F79EFBC}") = "nyoba ae dulu", "nyoba ae dulu\nyoba ae dulu.csproj", "{6236DF2C-BCD0-40A6-B9C6-B7A0052D6415}"
EndProject
Global
	GlobalSection(SolutionConfigurationPlatforms) = preSolution
		Debug|Any CPU = Debug|Any CPU
		Release|Any CPU = Release|Any CPU
	EndGlobalSection
	GlobalSection(ProjectConfigurationPlatforms) = postSolution
		{6236DF2C-BCD0-40A6-B9C6-B7A0052D6415}.Debug|Any CPU.ActiveCfg = Debug|Any CPU
		{6236DF2C-BCD0-40A6-B9C6-B7A0052D6415}.Debug|Any CPU.Build.0 = Debug|Any CPU
		{6236DF2C-BCD0-40A6-B9C6-B7A0052D6415}.Release|Any CPU.ActiveCfg = Release|Any CPU
		{6236DF2C-BCD0-40A6-B9C6-B7A0052D6415}.Release|Any CPU.Build.0 = Release|Any CPU
	EndGlobalSection
	GlobalSection(SolutionProperties) = preSolution
		HideSolutionNode = FALSE
	EndGlobalSection
	GlobalSection(ExtensibilityGlobals) = postSolution
		SolutionGuid = {BF7046B7-26A2-4B5A-944C-8147034C8B4B}
	EndGlobalSection
EndGlobal
